
Microsoft Visual Studio Solution File, Format Version 12.00
# Visual Studio 2013
VisualStudioVersion = 12.0.30501.0
MinimumVisualStudioVersion = 10.0.40219.1
Project("{FAE04EC0-301F-11D3-BF4B-00C04F79EFBC}") = "APITestProject", "APITestProject\APITestProject.csproj", "{92C161C7-0C99-4869-AC27-CEC4950DAEC4}"
EndProject
Project("{FAE04EC0-301F-11D3-BF4B-00C04F79EFBC}") = "WebApiTest", "WebApiTest\WebApiTest.csproj", "{D325F080-972B-4987-92DC-8D7E09AD4AA5}"
EndProject
Global
	GlobalSection(SolutionConfigurationPlatforms) = preSolution
		Debug|Any CPU = Debug|Any CPU
		Release|Any CPU = Release|Any CPU
	EndGlobalSection
	GlobalSection(ProjectConfigurationPlatforms) = postSolution
		{92C161C7-0C99-4869-AC27-CEC4950DAEC4}.Debug|Any CPU.ActiveCfg = Debug|Any CPU
		{92C161C7-0C99-4869-AC27-CEC4950DAEC4}.Debug|Any CPU.Build.0 = Debug|Any CPU
		{92C161C7-0C99-4869-AC27-CEC4950DAEC4}.Release|Any CPU.ActiveCfg = Release|Any CPU
		{92C161C7-0C99-4869-AC27-CEC4950DAEC4}.Release|Any CPU.Build.0 = Release|Any CPU
		{D325F080-972B-4987-92DC-8D7E09AD4AA5}.Debug|Any CPU.ActiveCfg = Debug|Any CPU
		{D325F080-972B-4987-92DC-8D7E09AD4AA5}.Debug|Any CPU.Build.0 = Debug|Any CPU
		{D325F080-972B-4987-92DC-8D7E09AD4AA5}.Release|Any CPU.ActiveCfg = Release|Any CPU
		{D325F080-972B-4987-92DC-8D7E09AD4AA5}.Release|Any CPU.Build.0 = Release|Any CPU
	EndGlobalSection
	GlobalSection(SolutionProperties) = preSolution
		HideSolutionNode = FALSE
	EndGlobalSection
EndGlobal
